
Microsoft Visual Studio Solution File, Format Version 12.00
# Visual Studio Version 17
VisualStudioVersion = 17.5.33424.131
MinimumVisualStudioVersion = 10.0.40219.1
Project("{8BC9CEB8-8B4A-11D0-8D11-00A0C91BC942}") = "report2", "report2\report2.vcxproj", "{C20D3BFF-3B26-4A0E-AD9B-8333E89F42DB}"
EndProject
Global
	GlobalSection(SolutionConfigurationPlatforms) = preSolution
		Debug|x64 = Debug|x64
		Debug|x86 = Debug|x86
		Release|x64 = Release|x64
		Release|x86 = Release|x86
	EndGlobalSection
	GlobalSection(ProjectConfigurationPlatforms) = postSolution
		{C20D3BFF-3B26-4A0E-AD9B-8333E89F42DB}.Debug|x64.ActiveCfg = Debug|x64
		{C20D3BFF-3B26-4A0E-AD9B-8333E89F42DB}.Debug|x64.Build.0 = Debug|x64
		{C20D3BFF-3B26-4A0E-AD9B-8333E89F42DB}.Debug|x86.ActiveCfg = Debug|Win32
		{C20D3BFF-3B26-4A0E-AD9B-8333E89F42DB}.Debug|x86.Build.0 = Debug|Win32
		{C20D3BFF-3B26-4A0E-AD9B-8333E89F42DB}.Release|x64.ActiveCfg = Release|x64
		{C20D3BFF-3B26-4A0E-AD9B-8333E89F42DB}.Release|x64.Build.0 = Release|x64
		{C20D3BFF-3B26-4A0E-AD9B-8333E89F42DB}.Release|x86.ActiveCfg = Release|Win32
		{C20D3BFF-3B26-4A0E-AD9B-8333E89F42DB}.Release|x86.Build.0 = Release|Win32
	EndGlobalSection
	GlobalSection(SolutionProperties) = preSolution
		HideSolutionNode = FALSE
	EndGlobalSection
	GlobalSection(ExtensibilityGlobals) = postSolution
		SolutionGuid = {C154C566-F85D-4762-8D5E-F32CC95B7369}
	EndGlobalSection
EndGlobal
